
Microsoft Visual Studio Solution File, Format Version 12.00
# Visual Studio 15
VisualStudioVersion = 15.0.27130.2036
MinimumVisualStudioVersion = 10.0.40219.1
Project("{FAE04EC0-301F-11D3-BF4B-00C04F79EFBC}") = "MemberManager", "MemberManager\MemberManager.csproj", "{6DC885B0-650B-4FF3-A867-0016397E3473}"
EndProject
Project("{FAE04EC0-301F-11D3-BF4B-00C04F79EFBC}") = "MemberManager.Tests", "MemberManager.Tests\MemberManager.Tests.csproj", "{45BDD58D-6596-42FA-BA1C-F5F0EF9532BC}"
EndProject
Project("{FAE04EC0-301F-11D3-BF4B-00C04F79EFBC}") = "MemberManager.Domain", "MemberManager.Domain\MemberManager.Domain.csproj", "{61E3DA46-603A-4B21-AA24-8FDBEA15D5C4}"
EndProject
Project("{FAE04EC0-301F-11D3-BF4B-00C04F79EFBC}") = "MemberManager.Data", "MemberManager.Data\MemberManager.Data.csproj", "{5B87C31D-2017-4805-9D83-BA585A36E2A0}"
EndProject
Project("{FAE04EC0-301F-11D3-BF4B-00C04F79EFBC}") = "MemberManager.BusinessObjects", "MemberDomain.BusinessObjects\MemberManager.BusinessObjects.csproj", "{9D285219-4B8B-4FC9-A5D0-F42D3CFBBC9A}"
EndProject
Project("{FAE04EC0-301F-11D3-BF4B-00C04F79EFBC}") = "MemberManager.Interfaces", "MemberDomain.Interfaces\MemberManager.Interfaces.csproj", "{FB4C0903-AA07-4F00-8A9C-927BDD7CF857}"
EndProject
Global
	GlobalSection(SolutionConfigurationPlatforms) = preSolution
		Debug|Any CPU = Debug|Any CPU
		Release|Any CPU = Release|Any CPU
	EndGlobalSection
	GlobalSection(ProjectConfigurationPlatforms) = postSolution
		{6DC885B0-650B-4FF3-A867-0016397E3473}.Debug|Any CPU.ActiveCfg = Debug|Any CPU
		{6DC885B0-650B-4FF3-A867-0016397E3473}.Debug|Any CPU.Build.0 = Debug|Any CPU
		{6DC885B0-650B-4FF3-A867-0016397E3473}.Release|Any CPU.ActiveCfg = Release|Any CPU
		{6DC885B0-650B-4FF3-A867-0016397E3473}.Release|Any CPU.Build.0 = Release|Any CPU
		{45BDD58D-6596-42FA-BA1C-F5F0EF9532BC}.Debug|Any CPU.ActiveCfg = Debug|Any CPU
		{45BDD58D-6596-42FA-BA1C-F5F0EF9532BC}.Debug|Any CPU.Build.0 = Debug|Any CPU
		{45BDD58D-6596-42FA-BA1C-F5F0EF9532BC}.Release|Any CPU.ActiveCfg = Release|Any CPU
		{45BDD58D-6596-42FA-BA1C-F5F0EF9532BC}.Release|Any CPU.Build.0 = Release|Any CPU
		{61E3DA46-603A-4B21-AA24-8FDBEA15D5C4}.Debug|Any CPU.ActiveCfg = Debug|Any CPU
		{61E3DA46-603A-4B21-AA24-8FDBEA15D5C4}.Debug|Any CPU.Build.0 = Debug|Any CPU
		{61E3DA46-603A-4B21-AA24-8FDBEA15D5C4}.Release|Any CPU.ActiveCfg = Release|Any CPU
		{61E3DA46-603A-4B21-AA24-8FDBEA15D5C4}.Release|Any CPU.Build.0 = Release|Any CPU
		{5B87C31D-2017-4805-9D83-BA585A36E2A0}.Debug|Any CPU.ActiveCfg = Debug|Any CPU
		{5B87C31D-2017-4805-9D83-BA585A36E2A0}.Debug|Any CPU.Build.0 = Debug|Any CPU
		{5B87C31D-2017-4805-9D83-BA585A36E2A0}.Release|Any CPU.ActiveCfg = Release|Any CPU
		{5B87C31D-2017-4805-9D83-BA585A36E2A0}.Release|Any CPU.Build.0 = Release|Any CPU
		{9D285219-4B8B-4FC9-A5D0-F42D3CFBBC9A}.Debug|Any CPU.ActiveCfg = Debug|Any CPU
		{9D285219-4B8B-4FC9-A5D0-F42D3CFBBC9A}.Debug|Any CPU.Build.0 = Debug|Any CPU
		{9D285219-4B8B-4FC9-A5D0-F42D3CFBBC9A}.Release|Any CPU.ActiveCfg = Release|Any CPU
		{9D285219-4B8B-4FC9-A5D0-F42D3CFBBC9A}.Release|Any CPU.Build.0 = Release|Any CPU
		{FB4C0903-AA07-4F00-8A9C-927BDD7CF857}.Debug|Any CPU.ActiveCfg = Debug|Any CPU
		{FB4C0903-AA07-4F00-8A9C-927BDD7CF857}.Debug|Any CPU.Build.0 = Debug|Any CPU
		{FB4C0903-AA07-4F00-8A9C-927BDD7CF857}.Release|Any CPU.ActiveCfg = Release|Any CPU
		{FB4C0903-AA07-4F00-8A9C-927BDD7CF857}.Release|Any CPU.Build.0 = Release|Any CPU
	EndGlobalSection
	GlobalSection(SolutionProperties) = preSolution
		HideSolutionNode = FALSE
	EndGlobalSection
	GlobalSection(ExtensibilityGlobals) = postSolution
		SolutionGuid = {7EEBA4FC-2F90-49B8-90F3-18D6A5669863}
	EndGlobalSection
EndGlobal
